
Microsoft Visual Studio Solution File, Format Version 12.00
# Visual Studio Version 17
VisualStudioVersion = 17.9.34902.65
MinimumVisualStudioVersion = 10.0.40219.1
Project("{FAE04EC0-301F-11D3-BF4B-00C04F79EFBC}") = "QLHSNS", "QLHSNS\QLHSNS.csproj", "{79F108DB-1C70-4807-835C-427C93D7B893}"
EndProject
Global
	GlobalSection(SolutionConfigurationPlatforms) = preSolution
		Debug|Any CPU = Debug|Any CPU
		Release|Any CPU = Release|Any CPU
	EndGlobalSection
	GlobalSection(ProjectConfigurationPlatforms) = postSolution
		{79F108DB-1C70-4807-835C-427C93D7B893}.Debug|Any CPU.ActiveCfg = Debug|Any CPU
		{79F108DB-1C70-4807-835C-427C93D7B893}.Debug|Any CPU.Build.0 = Debug|Any CPU
		{79F108DB-1C70-4807-835C-427C93D7B893}.Release|Any CPU.ActiveCfg = Release|Any CPU
		{79F108DB-1C70-4807-835C-427C93D7B893}.Release|Any CPU.Build.0 = Release|Any CPU
	EndGlobalSection
	GlobalSection(SolutionProperties) = preSolution
		HideSolutionNode = FALSE
	EndGlobalSection
	GlobalSection(ExtensibilityGlobals) = postSolution
		SolutionGuid = {630461B2-2A4F-4A11-A377-AE7500E82983}
	EndGlobalSection
EndGlobal
